
Microsoft Visual Studio Solution File, Format Version 12.00
# Visual Studio Version 16
VisualStudioVersion = 16.0.31702.278
MinimumVisualStudioVersion = 10.0.40219.1
Project("{FAE04EC0-301F-11D3-BF4B-00C04F79EFBC}") = "EFCodeFirstApp", "EFCodeFirstApp\EFCodeFirstApp.csproj", "{C178575F-78E9-4672-A3A3-2EAF8EE3DEBB}"
EndProject
Global
	GlobalSection(SolutionConfigurationPlatforms) = preSolution
		Debug|Any CPU = Debug|Any CPU
		Release|Any CPU = Release|Any CPU
	EndGlobalSection
	GlobalSection(ProjectConfigurationPlatforms) = postSolution
		{C178575F-78E9-4672-A3A3-2EAF8EE3DEBB}.Debug|Any CPU.ActiveCfg = Debug|Any CPU
		{C178575F-78E9-4672-A3A3-2EAF8EE3DEBB}.Debug|Any CPU.Build.0 = Debug|Any CPU
		{C178575F-78E9-4672-A3A3-2EAF8EE3DEBB}.Release|Any CPU.ActiveCfg = Release|Any CPU
		{C178575F-78E9-4672-A3A3-2EAF8EE3DEBB}.Release|Any CPU.Build.0 = Release|Any CPU
	EndGlobalSection
	GlobalSection(SolutionProperties) = preSolution
		HideSolutionNode = FALSE
	EndGlobalSection
	GlobalSection(ExtensibilityGlobals) = postSolution
		SolutionGuid = {3ADFC77E-4852-4F9A-814E-5E9983FD6B09}
	EndGlobalSection
EndGlobal
